
Microsoft Visual Studio Solution File, Format Version 12.00
# Visual Studio Version 17
VisualStudioVersion = 17.2.32616.157
MinimumVisualStudioVersion = 10.0.40219.1
Project("{FAE04EC0-301F-11D3-BF4B-00C04F79EFBC}") = "BBDS.Management", "BBDS.Management\BBDS.Management.csproj", "{BFCB4B91-70DE-41A2-A1E6-A45A80DC0BF2}"
EndProject
Global
	GlobalSection(SolutionConfigurationPlatforms) = preSolution
		Debug|Any CPU = Debug|Any CPU
		Release|Any CPU = Release|Any CPU
	EndGlobalSection
	GlobalSection(ProjectConfigurationPlatforms) = postSolution
		{BFCB4B91-70DE-41A2-A1E6-A45A80DC0BF2}.Debug|Any CPU.ActiveCfg = Debug|Any CPU
		{BFCB4B91-70DE-41A2-A1E6-A45A80DC0BF2}.Debug|Any CPU.Build.0 = Debug|Any CPU
		{BFCB4B91-70DE-41A2-A1E6-A45A80DC0BF2}.Release|Any CPU.ActiveCfg = Release|Any CPU
		{BFCB4B91-70DE-41A2-A1E6-A45A80DC0BF2}.Release|Any CPU.Build.0 = Release|Any CPU
	EndGlobalSection
	GlobalSection(SolutionProperties) = preSolution
		HideSolutionNode = FALSE
	EndGlobalSection
	GlobalSection(ExtensibilityGlobals) = postSolution
		SolutionGuid = {F4144F60-2E8D-4F78-87AE-AC9F359F1E09}
	EndGlobalSection
EndGlobal
